
Microsoft Visual Studio Solution File, Format Version 12.00
# Visual Studio Version 16
VisualStudioVersion = 16.0.28922.388
MinimumVisualStudioVersion = 10.0.40219.1
Project("{FAE04EC0-301F-11D3-BF4B-00C04F79EFBC}") = "BookAPI", "BookAPI\BookAPI.csproj", "{40EEBA69-2C27-4A30-8617-AE4E4B026483}"
EndProject
Global
	GlobalSection(SolutionConfigurationPlatforms) = preSolution
		Debug|Any CPU = Debug|Any CPU
		Release|Any CPU = Release|Any CPU
	EndGlobalSection
	GlobalSection(ProjectConfigurationPlatforms) = postSolution
		{40EEBA69-2C27-4A30-8617-AE4E4B026483}.Debug|Any CPU.ActiveCfg = Debug|Any CPU
		{40EEBA69-2C27-4A30-8617-AE4E4B026483}.Debug|Any CPU.Build.0 = Debug|Any CPU
		{40EEBA69-2C27-4A30-8617-AE4E4B026483}.Release|Any CPU.ActiveCfg = Release|Any CPU
		{40EEBA69-2C27-4A30-8617-AE4E4B026483}.Release|Any CPU.Build.0 = Release|Any CPU
	EndGlobalSection
	GlobalSection(SolutionProperties) = preSolution
		HideSolutionNode = FALSE
	EndGlobalSection
	GlobalSection(ExtensibilityGlobals) = postSolution
		SolutionGuid = {9FF4507B-ED8B-4A42-AE5C-6A18AAA360A6}
	EndGlobalSection
EndGlobal
